// !$*UTF8*$!
{
	archiveVersion = 1;
	classes = {
	};
	objectVersion = 56;
	objects = {

/* Begin PBXBuildFile section */
		00186D5F2CC371D700B065B2 /* AppDelegate.swift in Sources */ = {isa = PBXBuildFile; fileRef = 00186D5E2CC371D700B065B2 /* AppDelegate.swift */; };
		00186D612CC371D700B065B2 /* SceneDelegate.swift in Sources */ = {isa = PBXBuildFile; fileRef = 00186D602CC371D700B065B2 /* SceneDelegate.swift */; };
		00186D662CC371D700B065B2 /* Main.storyboard in Resources */ = {isa = PBXBuildFile; fileRef = 00186D642CC371D700B065B2 /* Main.storyboard */; };
		00186D682CC371D800B065B2 /* Assets.xcassets in Resources */ = {isa = PBXBuildFile; fileRef = 00186D672CC371D800B065B2 /* Assets.xcassets */; };
		00186D6B2CC371D800B065B2 /* LaunchScreen.storyboard in Resources */ = {isa = PBXBuildFile; fileRef = 00186D692CC371D800B065B2 /* LaunchScreen.storyboard */; };
		00186D732CC383A300B065B2 /* LoginViewController.swift in Sources */ = {isa = PBXBuildFile; fileRef = 00186D722CC383A300B065B2 /* LoginViewController.swift */; };
		00186D752CC383B900B065B2 /* HomeViewController.swift in Sources */ = {isa = PBXBuildFile; fileRef = 00186D742CC383B900B065B2 /* HomeViewController.swift */; };
		00186D772CC383CC00B065B2 /* ImageSelectViewController.swift in Sources */ = {isa = PBXBuildFile; fileRef = 00186D762CC383CC00B065B2 /* ImageSelectViewController.swift */; };
		00186D792CC383DC00B065B2 /* PostViewController.swift in Sources */ = {isa = PBXBuildFile; fileRef = 00186D782CC383DC00B065B2 /* PostViewController.swift */; };
		00186D7B2CC383EE00B065B2 /* SettingViewController.swift in Sources */ = {isa = PBXBuildFile; fileRef = 00186D7A2CC383EE00B065B2 /* SettingViewController.swift */; };
		008EE23C2CC38C4500D23C1B /* TabBarController.swift in Sources */ = {isa = PBXBuildFile; fileRef = 008EE23B2CC38C4500D23C1B /* TabBarController.swift */; };
		008EE23E2CC393E000D23C1B /* GoogleService-Info.plist in Resources */ = {isa = PBXBuildFile; fileRef = 008EE23D2CC393E000D23C1B /* GoogleService-Info.plist */; };
		008EE2402CC3C7C300D23C1B /* Const.swift in Sources */ = {isa = PBXBuildFile; fileRef = 008EE23F2CC3C7C300D23C1B /* Const.swift */; };
		008EE2422CC3D0B900D23C1B /* PostData.swift in Sources */ = {isa = PBXBuildFile; fileRef = 008EE2412CC3D0B900D23C1B /* PostData.swift */; };
		008EE2452CC3D14E00D23C1B /* PostTableViewCell.swift in Sources */ = {isa = PBXBuildFile; fileRef = 008EE2432CC3D14E00D23C1B /* PostTableViewCell.swift */; };
		008EE2462CC3D14E00D23C1B /* PostTableViewCell.xib in Resources */ = {isa = PBXBuildFile; fileRef = 008EE2442CC3D14E00D23C1B /* PostTableViewCell.xib */; };
		34EEA70C31FA448FD5EC6BF2 /* Pods_Instagram.framework in Frameworks */ = {isa = PBXBuildFile; fileRef = D52A23495CC9B7B4C3CB7BA8 /* Pods_Instagram.framework */; };
/* End PBXBuildFile section */

/* Begin PBXFileReference section */
		00186D5B2CC371D700B065B2 /* Instagram.app */ = {isa = PBXFileReference; explicitFileType = wrapper.application; includeInIndex = 0; path = Instagram.app; sourceTree = BUILT_PRODUCTS_DIR; };
		00186D5E2CC371D700B065B2 /* AppDelegate.swift */ = {isa = PBXFileReference; lastKnownFileType = sourcecode.swift; path = AppDelegate.swift; sourceTree = "<group>"; };
		00186D602CC371D700B065B2 /* SceneDelegate.swift */ = {isa = PBXFileReference; lastKnownFileType = sourcecode.swift; path = SceneDelegate.swift; sourceTree = "<group>"; };
		00186D652CC371D700B065B2 /* Base */ = {isa = PBXFileReference; lastKnownFileType = file.storyboard; name = Base; path = Base.lproj/Main.storyboard; sourceTree = "<group>"; };
		00186D672CC371D800B065B2 /* Assets.xcassets */ = {isa = PBXFileReference; lastKnownFileType = folder.assetcatalog; path = Assets.xcassets; sourceTree = "<group>"; };
		00186D6A2CC371D800B065B2 /* Base */ = {isa = PBXFileReference; lastKnownFileType = file.storyboard; name = Base; path = Base.lproj/LaunchScreen.storyboard; sourceTree = "<group>"; };
		00186D6C2CC371D800B065B2 /* Info.plist */ = {isa = PBXFileReference; lastKnownFileType = text.plist.xml; path = Info.plist; sourceTree = "<group>"; };
		00186D722CC383A300B065B2 /* LoginViewController.swift */ = {isa = PBXFileReference; lastKnownFileType = sourcecode.swift; path = LoginViewController.swift; sourceTree = "<group>"; };
		00186D742CC383B900B065B2 /* HomeViewController.swift */ = {isa = PBXFileReference; lastKnownFileType = sourcecode.swift; path = HomeViewController.swift; sourceTree = "<group>"; };
		00186D762CC383CC00B065B2 /* ImageSelectViewController.swift */ = {isa = PBXFileReference; lastKnownFileType = sourcecode.swift; path = ImageSelectViewController.swift; sourceTree = "<group>"; };
		00186D782CC383DC00B065B2 /* PostViewController.swift */ = {isa = PBXFileReference; lastKnownFileType = sourcecode.swift; path = PostViewController.swift; sourceTree = "<group>"; };
		00186D7A2CC383EE00B065B2 /* SettingViewController.swift */ = {isa = PBXFileReference; lastKnownFileType = sourcecode.swift; path = SettingViewController.swift; sourceTree = "<group>"; };
		008EE23B2CC38C4500D23C1B /* TabBarController.swift */ = {isa = PBXFileReference; lastKnownFileType = sourcecode.swift; path = TabBarController.swift; sourceTree = "<group>"; };
		008EE23D2CC393E000D23C1B /* GoogleService-Info.plist */ = {isa = PBXFileReference; fileEncoding = 4; lastKnownFileType = text.plist.xml; path = "GoogleService-Info.plist"; sourceTree = "<group>"; };
		008EE23F2CC3C7C300D23C1B /* Const.swift */ = {isa = PBXFileReference; lastKnownFileType = sourcecode.swift; path = Const.swift; sourceTree = "<group>"; };
		008EE2412CC3D0B900D23C1B /* PostData.swift */ = {isa = PBXFileReference; lastKnownFileType = sourcecode.swift; path = PostData.swift; sourceTree = "<group>"; };
		008EE2432CC3D14E00D23C1B /* PostTableViewCell.swift */ = {isa = PBXFileReference; lastKnownFileType = sourcecode.swift; path = PostTableViewCell.swift; sourceTree = "<group>"; };
		008EE2442CC3D14E00D23C1B /* PostTableViewCell.xib */ = {isa = PBXFileReference; lastKnownFileType = file.xib; path = PostTableViewCell.xib; sourceTree = "<group>"; };
		242A4F300181D52E481FFD56 /* Pods-Instagram.debug.xcconfig */ = {isa = PBXFileReference; includeInIndex = 1; lastKnownFileType = text.xcconfig; name = "Pods-Instagram.debug.xcconfig"; path = "Target Support Files/Pods-Instagram/Pods-Instagram.debug.xcconfig"; sourceTree = "<group>"; };
		5E89A2517DADD61F5251E923 /* Pods-Instagram.release.xcconfig */ = {isa = PBXFileReference; includeInIndex = 1; lastKnownFileType = text.xcconfig; name = "Pods-Instagram.release.xcconfig"; path = "Target Support Files/Pods-Instagram/Pods-Instagram.release.xcconfig"; sourceTree = "<group>"; };
		D52A23495CC9B7B4C3CB7BA8 /* Pods_Instagram.framework */ = {isa = PBXFileReference; explicitFileType = wrapper.framework; includeInIndex = 0; path = Pods_Instagram.framework; sourceTree = BUILT_PRODUCTS_DIR; };
/* End PBXFileReference section */

/* Begin PBXFrameworksBuildPhase section */
		00186D582CC371D700B065B2 /* Frameworks */ = {
			isa = PBXFrameworksBuildPhase;
			buildActionMask = 2147483647;
			files = (
				34EEA70C31FA448FD5EC6BF2 /* Pods_Instagram.framework in Frameworks */,
			);
			runOnlyForDeploymentPostprocessing = 0;
		};
/* End PBXFrameworksBuildPhase section */

/* Begin PBXGroup section */
		00186D522CC371D700B065B2 = {
			isa = PBXGroup;
			children = (
				00186D5D2CC371D700B065B2 /* Instagram */,
				00186D5C2CC371D700B065B2 /* Products */,
				3FF2B96D73700D0704E3DE51 /* Pods */,
				0DF03D4C080F9176DB8EA548 /* Frameworks */,
			);
			sourceTree = "<group>";
		};
		00186D5C2CC371D700B065B2 /* Products */ = {
			isa = PBXGroup;
			children = (
				00186D5B2CC371D700B065B2 /* Instagram.app */,
			);
			name = Products;
			sourceTree = "<group>";
		};
		00186D5D2CC371D700B065B2 /* Instagram */ = {
			isa = PBXGroup;
			children = (
				00186D5E2CC371D700B065B2 /* AppDelegate.swift */,
				00186D602CC371D700B065B2 /* SceneDelegate.swift */,
				00186D722CC383A300B065B2 /* LoginViewController.swift */,
				00186D742CC383B900B065B2 /* HomeViewController.swift */,
				00186D762CC383CC00B065B2 /* ImageSelectViewController.swift */,
				00186D782CC383DC00B065B2 /* PostViewController.swift */,
				008EE2412CC3D0B900D23C1B /* PostData.swift */,
				008EE2432CC3D14E00D23C1B /* PostTableViewCell.swift */,
				008EE2442CC3D14E00D23C1B /* PostTableViewCell.xib */,
				008EE23F2CC3C7C300D23C1B /* Const.swift */,
				00186D7A2CC383EE00B065B2 /* SettingViewController.swift */,
				008EE23B2CC38C4500D23C1B /* TabBarController.swift */,
				00186D642CC371D700B065B2 /* Main.storyboard */,
				00186D672CC371D800B065B2 /* Assets.xcassets */,
				00186D692CC371D800B065B2 /* LaunchScreen.storyboard */,
				00186D6C2CC371D800B065B2 /* Info.plist */,
				008EE23D2CC393E000D23C1B /* GoogleService-Info.plist */,
			);
			path = Instagram;
			sourceTree = "<group>";
		};
		0DF03D4C080F9176DB8EA548 /* Frameworks */ = {
			isa = PBXGroup;
			children = (
				D52A23495CC9B7B4C3CB7BA8 /* Pods_Instagram.framework */,
			);
			name = Frameworks;
			sourceTree = "<group>";
		};
		3FF2B96D73700D0704E3DE51 /* Pods */ = {
			isa = PBXGroup;
			children = (
				242A4F300181D52E481FFD56 /* Pods-Instagram.debug.xcconfig */,
				5E89A2517DADD61F5251E923 /* Pods-Instagram.release.xcconfig */,
			);
			path = Pods;
			sourceTree = "<group>";
		};
/* End PBXGroup section */

/* Begin PBXNativeTarget section */
		00186D5A2CC371D700B065B2 /* Instagram */ = {
			isa = PBXNativeTarget;
			buildConfigurationList = 00186D6F2CC371D800B065B2 /* Build configuration list for PBXNativeTarget "Instagram" */;
			buildPhases = (
				B8E48D6DC5BFA6A45984F753 /* [CP] Check Pods Manifest.lock */,
				00186D572CC371D700B065B2 /* Sources */,
				00186D582CC371D700B065B2 /* Frameworks */,
				00186D592CC371D700B065B2 /* Resources */,
				F1667E4569585C33E87EF699 /* [CP] Embed Pods Frameworks */,
			);
			buildRules = (
			);
			dependencies = (
			);
			name = Instagram;
			productName = Instagram;
			productReference = 00186D5B2CC371D700B065B2 /* Instagram.app */;
			productType = "com.apple.product-type.application";
		};
/* End PBXNativeTarget section */

/* Begin PBXProject section */
		00186D532CC371D700B065B2 /* Project object */ = {
			isa = PBXProject;
			attributes = {
				BuildIndependentTargetsInParallel = 1;
				LastSwiftUpdateCheck = 1510;
				LastUpgradeCheck = 1510;
				TargetAttributes = {
					00186D5A2CC371D700B065B2 = {
						CreatedOnToolsVersion = 15.1;
					};
				};
			};
			buildConfigurationList = 00186D562CC371D700B065B2 /* Build configuration list for PBXProject "Instagram" */;
			compatibilityVersion = "Xcode 14.0";
			developmentRegion = en;
			hasScannedForEncodings = 0;
			knownRegions = (
				en,
				Base,
			);
			mainGroup = 00186D522CC371D700B065B2;
			productRefGroup = 00186D5C2CC371D700B065B2 /* Products */;
			projectDirPath = "";
			projectRoot = "";
			targets = (
				00186D5A2CC371D700B065B2 /* Instagram */,
			);
		};
/* End PBXProject section */

/* Begin PBXResourcesBuildPhase section */
		00186D592CC371D700B065B2 /* Resources */ = {
			isa = PBXResourcesBuildPhase;
			buildActionMask = 2147483647;
			files = (
				00186D6B2CC371D800B065B2 /* LaunchScreen.storyboard in Resources */,
				008EE2462CC3D14E00D23C1B /* PostTableViewCell.xib in Resources */,
				008EE23E2CC393E000D23C1B /* GoogleService-Info.plist in Resources */,
				00186D682CC371D800B065B2 /* Assets.xcassets in Resources */,
				00186D662CC371D700B065B2 /* Main.storyboard in Resources */,
			);
			runOnlyForDeploymentPostprocessing = 0;
		};
/* End PBXResourcesBuildPhase section */

/* Begin PBXShellScriptBuildPhase section */
		B8E48D6DC5BFA6A45984F753 /* [CP] Check Pods Manifest.lock */ = {
			isa = PBXShellScriptBuildPhase;
			buildActionMask = 2147483647;
			files = (
			);
			inputFileListPaths = (
			);
			inputPaths = (
				"${PODS_PODFILE_DIR_PATH}/Podfile.lock",
				"${PODS_ROOT}/Manifest.lock",
			);
			name = "[CP] Check Pods Manifest.lock";
			outputFileListPaths = (
			);
			outputPaths = (
				"$(DERIVED_FILE_DIR)/Pods-Instagram-checkManifestLockResult.txt",
			);
			runOnlyForDeploymentPostprocessing = 0;
			shellPath = /bin/sh;
			shellScript = "diff \"${PODS_PODFILE_DIR_PATH}/Podfile.lock\" \"${PODS_ROOT}/Manifest.lock\" > /dev/null\nif [ $? != 0 ] ; then\n    # print error to STDERR\n    echo \"error: The sandbox is not in sync with the Podfile.lock. Run 'pod install' or update your CocoaPods installation.\" >&2\n    exit 1\nfi\n# This output is used by Xcode 'outputs' to avoid re-running this script phase.\necho \"SUCCESS\" > \"${SCRIPT_OUTPUT_FILE_0}\"\n";
			showEnvVarsInLog = 0;
		};
		F1667E4569585C33E87EF699 /* [CP] Embed Pods Frameworks */ = {
			isa = PBXShellScriptBuildPhase;
			buildActionMask = 2147483647;
			files = (
			);
			inputFileListPaths = (
				"${PODS_ROOT}/Target Support Files/Pods-Instagram/Pods-Instagram-frameworks-${CONFIGURATION}-input-files.xcfilelist",
			);
			name = "[CP] Embed Pods Frameworks";
			outputFileListPaths = (
				"${PODS_ROOT}/Target Support Files/Pods-Instagram/Pods-Instagram-frameworks-${CONFIGURATION}-output-files.xcfilelist",
			);
			runOnlyForDeploymentPostprocessing = 0;
			shellPath = /bin/sh;
			shellScript = "\"${PODS_ROOT}/Target Support Files/Pods-Instagram/Pods-Instagram-frameworks.sh\"\n";
			showEnvVarsInLog = 0;
		};
/* End PBXShellScriptBuildPhase section */

/* Begin PBXSourcesBuildPhase section */
		00186D572CC371D700B065B2 /* Sources */ = {
			isa = PBXSourcesBuildPhase;
			buildActionMask = 2147483647;
			files = (
				008EE2452CC3D14E00D23C1B /* PostTableViewCell.swift in Sources */,
				00186D772CC383CC00B065B2 /* ImageSelectViewController.swift in Sources */,
				008EE23C2CC38C4500D23C1B /* TabBarController.swift in Sources */,
				00186D752CC383B900B065B2 /* HomeViewController.swift in Sources */,
				00186D792CC383DC00B065B2 /* PostViewController.swift in Sources */,
				00186D7B2CC383EE00B065B2 /* SettingViewController.swift in Sources */,
				008EE2422CC3D0B900D23C1B /* PostData.swift in Sources */,
				00186D732CC383A300B065B2 /* LoginViewController.swift in Sources */,
				00186D5F2CC371D700B065B2 /* AppDelegate.swift in Sources */,
				00186D612CC371D700B065B2 /* SceneDelegate.swift in Sources */,
				008EE2402CC3C7C300D23C1B /* Const.swift in Sources */,
			);
			runOnlyForDeploymentPostprocessing = 0;
		};
/* End PBXSourcesBuildPhase section */

/* Begin PBXVariantGroup section */
		00186D642CC371D700B065B2 /* Main.storyboard */ = {
			isa = PBXVariantGroup;
			children = (
				00186D652CC371D700B065B2 /* Base */,
			);
			name = Main.storyboard;
			sourceTree = "<group>";
		};
		00186D692CC371D800B065B2 /* LaunchScreen.storyboard */ = {
			isa = PBXVariantGroup;
			children = (
				00186D6A2CC371D800B065B2 /* Base */,
			);
			name = LaunchScreen.storyboard;
			sourceTree = "<group>";
		};
/* End PBXVariantGroup section */

/* Begin XCBuildConfiguration section */
		00186D6D2CC371D800B065B2 /* Debug */ = {
			isa = XCBuildConfiguration;
			buildSettings = {
				ALWAYS_SEARCH_USER_PATHS = NO;
				ASSETCATALOG_COMPILER_GENERATE_SWIFT_ASSET_SYMBOL_EXTENSIONS = YES;
				CLANG_ANALYZER_NONNULL = YES;
				CLANG_ANALYZER_NUMBER_OBJECT_CONVERSION = YES_AGGRESSIVE;
				CLANG_CXX_LANGUAGE_STANDARD = "gnu++20";
				CLANG_ENABLE_MODULES = YES;
				CLANG_ENABLE_OBJC_ARC = YES;
				CLANG_ENABLE_OBJC_WEAK = YES;
				CLANG_WARN_BLOCK_CAPTURE_AUTORELEASING = YES;
				CLANG_WARN_BOOL_CONVERSION = YES;
				CLANG_WARN_COMMA = YES;
				CLANG_WARN_CONSTANT_CONVERSION = YES;
				CLANG_WARN_DEPRECATED_OBJC_IMPLEMENTATIONS = YES;
				CLANG_WARN_DIRECT_OBJC_ISA_USAGE = YES_ERROR;
				CLANG_WARN_DOCUMENTATION_COMMENTS = YES;
				CLANG_WARN_EMPTY_BODY = YES;
				CLANG_WARN_ENUM_CONVERSION = YES;
				CLANG_WARN_INFINITE_RECURSION = YES;
				CLANG_WARN_INT_CONVERSION = YES;
				CLANG_WARN_NON_LITERAL_NULL_CONVERSION = YES;
				CLANG_WARN_OBJC_IMPLICIT_RETAIN_SELF = YES;
				CLANG_WARN_OBJC_LITERAL_CONVERSION = YES;
				CLANG_WARN_OBJC_ROOT_CLASS = YES_ERROR;
				CLANG_WARN_QUOTED_INCLUDE_IN_FRAMEWORK_HEADER = YES;
				CLANG_WARN_RANGE_LOOP_ANALYSIS = YES;
				CLANG_WARN_STRICT_PROTOTYPES = YES;
				CLANG_WARN_SUSPICIOUS_MOVE = YES;
				CLANG_WARN_UNGUARDED_AVAILABILITY = YES_AGGRESSIVE;
				CLANG_WARN_UNREACHABLE_CODE = YES;
				CLANG_WARN__DUPLICATE_METHOD_MATCH = YES;
				COPY_PHASE_STRIP = NO;
				DEBUG_INFORMATION_FORMAT = dwarf;
				ENABLE_STRICT_OBJC_MSGSEND = YES;
				ENABLE_TESTABILITY = YES;
				ENABLE_USER_SCRIPT_SANDBOXING = NO;
				GCC_C_LANGUAGE_STANDARD = gnu17;
				GCC_DYNAMIC_NO_PIC = NO;
				GCC_NO_COMMON_BLOCKS = YES;
				GCC_OPTIMIZATION_LEVEL = 0;
				GCC_PREPROCESSOR_DEFINITIONS = (
					"DEBUG=1",
					"$(inherited)",
				);
				GCC_WARN_64_TO_32_BIT_CONVERSION = YES;
				GCC_WARN_ABOUT_RETURN_TYPE = YES_ERROR;
				GCC_WARN_UNDECLARED_SELECTOR = YES;
				GCC_WARN_UNINITIALIZED_AUTOS = YES_AGGRESSIVE;
				GCC_WARN_UNUSED_FUNCTION = YES;
				GCC_WARN_UNUSED_VARIABLE = YES;
				IPHONEOS_DEPLOYMENT_TARGET = 17.2;
				LOCALIZATION_PREFERS_STRING_CATALOGS = YES;
				MTL_ENABLE_DEBUG_INFO = INCLUDE_SOURCE;
				MTL_FAST_MATH = YES;
				ONLY_ACTIVE_ARCH = YES;
				SDKROOT = iphoneos;
				SWIFT_ACTIVE_COMPILATION_CONDITIONS = "DEBUG $(inherited)";
				SWIFT_OPTIMIZATION_LEVEL = "-Onone";
			};
			name = Debug;
		};
		00186D6E2CC371D800B065B2 /* Release */ = {
			isa = XCBuildConfiguration;
			buildSettings = {
				ALWAYS_SEARCH_USER_PATHS = NO;
				ASSETCATALOG_COMPILER_GENERATE_SWIFT_ASSET_SYMBOL_EXTENSIONS = YES;
				CLANG_ANALYZER_NONNULL = YES;
				CLANG_ANALYZER_NUMBER_OBJECT_CONVERSION = YES_AGGRESSIVE;
				CLANG_CXX_LANGUAGE_STANDARD = "gnu++20";
				CLANG_ENABLE_MODULES = YES;
				CLANG_ENABLE_OBJC_ARC = YES;
				CLANG_ENABLE_OBJC_WEAK = YES;
				CLANG_WARN_BLOCK_CAPTURE_AUTORELEASING = YES;
				CLANG_WARN_BOOL_CONVERSION = YES;
				CLANG_WARN_COMMA = YES;
				CLANG_WARN_CONSTANT_CONVERSION = YES;
				CLANG_WARN_DEPRECATED_OBJC_IMPLEMENTATIONS = YES;
				CLANG_WARN_DIRECT_OBJC_ISA_USAGE = YES_ERROR;
				CLANG_WARN_DOCUMENTATION_COMMENTS = YES;
				CLANG_WARN_EMPTY_BODY = YES;
				CLANG_WARN_ENUM_CONVERSION = YES;
				CLANG_WARN_INFINITE_RECURSION = YES;
				CLANG_WARN_INT_CONVERSION = YES;
				CLANG_WARN_NON_LITERAL_NULL_CONVERSION = YES;
				CLANG_WARN_OBJC_IMPLICIT_RETAIN_SELF = YES;
				CLANG_WARN_OBJC_LITERAL_CONVERSION = YES;
				CLANG_WARN_OBJC_ROOT_CLASS = YES_ERROR;
				CLANG_WARN_QUOTED_INCLUDE_IN_FRAMEWORK_HEADER = YES;
				CLANG_WARN_RANGE_LOOP_ANALYSIS = YES;
				CLANG_WARN_STRICT_PROTOTYPES = YES;
				CLANG_WARN_SUSPICIOUS_MOVE = YES;
				CLANG_WARN_UNGUARDED_AVAILABILITY = YES_AGGRESSIVE;
				CLANG_WARN_UNREACHABLE_CODE = YES;
				CLANG_WARN__DUPLICATE_METHOD_MATCH = YES;
				COPY_PHASE_STRIP = NO;
				DEBUG_INFORMATION_FORMAT = "dwarf-with-dsym";
				ENABLE_NS_ASSERTIONS = NO;
				ENABLE_STRICT_OBJC_MSGSEND = YES;
				ENABLE_USER_SCRIPT_SANDBOXING = NO;
				GCC_C_LANGUAGE_STANDARD = gnu17;
				GCC_NO_COMMON_BLOCKS = YES;
				GCC_WARN_64_TO_32_BIT_CONVERSION = YES;
				GCC_WARN_ABOUT_RETURN_TYPE = YES_ERROR;
				GCC_WARN_UNDECLARED_SELECTOR = YES;
				GCC_WARN_UNINITIALIZED_AUTOS = YES_AGGRESSIVE;
				GCC_WARN_UNUSED_FUNCTION = YES;
				GCC_WARN_UNUSED_VARIABLE = YES;
				IPHONEOS_DEPLOYMENT_TARGET = 17.2;
				LOCALIZATION_PREFERS_STRING_CATALOGS = YES;
				MTL_ENABLE_DEBUG_INFO = NO;
				MTL_FAST_MATH = YES;
				SDKROOT = iphoneos;
				SWIFT_COMPILATION_MODE = wholemodule;
				VALIDATE_PRODUCT = YES;
			};
			name = Release;
		};
		00186D702CC371D800B065B2 /* Debug */ = {
			isa = XCBuildConfiguration;
			baseConfigurationReference = 242A4F300181D52E481FFD56 /* Pods-Instagram.debug.xcconfig */;
			buildSettings = {
				ASSETCATALOG_COMPILER_APPICON_NAME = AppIcon;
				ASSETCATALOG_COMPILER_GLOBAL_ACCENT_COLOR_NAME = AccentColor;
				CODE_SIGN_STYLE = Automatic;
				CURRENT_PROJECT_VERSION = 1;
				DEVELOPMENT_TEAM = T6CG9GLTN3;
				GENERATE_INFOPLIST_FILE = YES;
				INFOPLIST_FILE = Instagram/Info.plist;
				INFOPLIST_KEY_NSCameraUsageDescription = "本アプリは、画像の投稿及び編集のため、カメラの使用許可を求めます。";
				INFOPLIST_KEY_UIApplicationSupportsIndirectInputEvents = YES;
				INFOPLIST_KEY_UILaunchStoryboardName = LaunchScreen;
				INFOPLIST_KEY_UIMainStoryboardFile = Main;
				INFOPLIST_KEY_UISupportedInterfaceOrientations = UIInterfaceOrientationPortrait;
				INFOPLIST_KEY_UISupportedInterfaceOrientations_iPad = "UIInterfaceOrientationLandscapeLeft UIInterfaceOrientationLandscapeRight UIInterfaceOrientationPortrait UIInterfaceOrientationPortraitUpsideDown";
				LD_RUNPATH_SEARCH_PATHS = (
					"$(inherited)",
					"@executable_path/Frameworks",
				);
				MARKETING_VERSION = 1.0;
				PRODUCT_BUNDLE_IDENTIFIER = jp.techacademy.taro.kirameki.Instagram;
				PRODUCT_NAME = "$(TARGET_NAME)";
				SUPPORTED_PLATFORMS = "iphoneos iphonesimulator";
				SUPPORTS_MACCATALYST = NO;
				SUPPORTS_MAC_DESIGNED_FOR_IPHONE_IPAD = NO;
				SWIFT_EMIT_LOC_STRINGS = YES;
				SWIFT_VERSION = 5.0;
				TARGETED_DEVICE_FAMILY = 1;
			};
			name = Debug;
		};
		00186D712CC371D800B065B2 /* Release */ = {
			isa = XCBuildConfiguration;
			baseConfigurationReference = 5E89A2517DADD61F5251E923 /* Pods-Instagram.release.xcconfig */;
			buildSettings = {
				ASSETCATALOG_COMPILER_APPICON_NAME = AppIcon;
				ASSETCATALOG_COMPILER_GLOBAL_ACCENT_COLOR_NAME = AccentColor;
				CODE_SIGN_STYLE = Automatic;
				CURRENT_PROJECT_VERSION = 1;
				DEVELOPMENT_TEAM = T6CG9GLTN3;
				GENERATE_INFOPLIST_FILE = YES;
				INFOPLIST_FILE = Instagram/Info.plist;
				INFOPLIST_KEY_NSCameraUsageDescription = "本アプリは、画像の投稿及び編集のため、カメラの使用許可を求めます。";
				INFOPLIST_KEY_UIApplicationSupportsIndirectInputEvents = YES;
				INFOPLIST_KEY_UILaunchStoryboardName = LaunchScreen;
				INFOPLIST_KEY_UIMainStoryboardFile = Main;
				INFOPLIST_KEY_UISupportedInterfaceOrientations = UIInterfaceOrientationPortrait;
				INFOPLIST_KEY_UISupportedInterfaceOrientations_iPad = "UIInterfaceOrientationLandscapeLeft UIInterfaceOrientationLandscapeRight UIInterfaceOrientationPortrait UIInterfaceOrientationPortraitUpsideDown";
				LD_RUNPATH_SEARCH_PATHS = (
					"$(inherited)",
					"@executable_path/Frameworks",
				);
				MARKETING_VERSION = 1.0;
				PRODUCT_BUNDLE_IDENTIFIER = jp.techacademy.taro.kirameki.Instagram;
				PRODUCT_NAME = "$(TARGET_NAME)";
				SUPPORTED_PLATFORMS = "iphoneos iphonesimulator";
				SUPPORTS_MACCATALYST = NO;
				SUPPORTS_MAC_DESIGNED_FOR_IPHONE_IPAD = NO;
				SWIFT_EMIT_LOC_STRINGS = YES;
				SWIFT_VERSION = 5.0;
				TARGETED_DEVICE_FAMILY = 1;
			};
			name = Release;
		};
/* End XCBuildConfiguration section */

/* Begin XCConfigurationList section */
		00186D562CC371D700B065B2 /* Build configuration list for PBXProject "Instagram" */ = {
			isa = XCConfigurationList;
			buildConfigurations = (
				00186D6D2CC371D800B065B2 /* Debug */,
				00186D6E2CC371D800B065B2 /* Release */,
			);
			defaultConfigurationIsVisible = 0;
			defaultConfigurationName = Release;
		};
		00186D6F2CC371D800B065B2 /* Build configuration list for PBXNativeTarget "Instagram" */ = {
			isa = XCConfigurationList;
			buildConfigurations = (
				00186D702CC371D800B065B2 /* Debug */,
				00186D712CC371D800B065B2 /* Release */,
			);
			defaultConfigurationIsVisible = 0;
			defaultConfigurationName = Release;
		};
/* End XCConfigurationList section */
	};
	rootObject = 00186D532CC371D700B065B2 /* Project object */;
}
